
Microsoft Visual Studio Solution File, Format Version 12.00
# Visual Studio 15
VisualStudioVersion = 15.0.26228.12
MinimumVisualStudioVersion = 10.0.40219.1
Project("{9A19103F-16F7-4668-BE54-9A1E7A4F7556}") = "RevolutionaryStuff.Core", "src\RevolutionaryStuff.Core\RevolutionaryStuff.Core.csproj", "{F2DAFFF8-89E5-45B4-A7BE-1EAB1E843D72}"
EndProject
Project("{9A19103F-16F7-4668-BE54-9A1E7A4F7556}") = "Traffk.Tableau", "src\Traffk.Tableau\Traffk.Tableau.csproj", "{4C4E1105-8251-42EA-8465-1324C19176D8}"
EndProject
Project("{9A19103F-16F7-4668-BE54-9A1E7A4F7556}") = "Traffk.Bal", "src\Traffk.Bal\Traffk.Bal.csproj", "{B145F572-1704-4C22-B0A5-6C45D5E9E0B6}"
EndProject
Project("{9A19103F-16F7-4668-BE54-9A1E7A4F7556}") = "Traffk.Portal", "src\Traffk.Portal\Traffk.Portal.csproj", "{7B1A04F2-8E13-4D8C-8701-ABEBF342D889}"
EndProject
Project("{2150E333-8FDC-42A3-9474-1A3956D46DE8}") = "Traffk", "Traffk", "{2D992A1D-203B-461A-B1C1-312F64C77810}"
EndProject
Project("{2150E333-8FDC-42A3-9474-1A3956D46DE8}") = "RevolutionaryStuff", "RevolutionaryStuff", "{6FAADEB9-B702-4FEE-8B56-58C2A80CEAAF}"
EndProject
Project("{2150E333-8FDC-42A3-9474-1A3956D46DE8}") = "Traffk.Tests", "Traffk.Tests", "{D5AB1A3B-756E-4823-80F8-9A91ECB492AE}"
EndProject
Project("{9A19103F-16F7-4668-BE54-9A1E7A4F7556}") = "Traffk.Tableau.Tests", "tests\Traffk.Tableau.Tests\Traffk.Tableau.Tests.csproj", "{9E17BC37-E081-4441-B924-E305753D843D}"
EndProject
Project("{9A19103F-16F7-4668-BE54-9A1E7A4F7556}") = "Traffk.Bal.Tests", "tests\Traffk.Bal.Tests\Traffk.Bal.Tests.csproj", "{7368E6A2-A35C-4A81-B8C4-8A403C3AE070}"
EndProject
Project("{2150E333-8FDC-42A3-9474-1A3956D46DE8}") = "RevolutionaryStuff.Tests", "RevolutionaryStuff.Tests", "{6FD7D644-BE42-456F-9689-8B8BD0952A5D}"
EndProject
Project("{9A19103F-16F7-4668-BE54-9A1E7A4F7556}") = "RevolutionaryStuff.Core.Tests", "tests\RevolutionaryStuff.Core.Tests\RevolutionaryStuff.Core.Tests.csproj", "{05EB3B16-0A65-417F-B3A2-84F355400BFC}"
EndProject
Project("{9A19103F-16F7-4668-BE54-9A1E7A4F7556}") = "Traffk.Portal.Tests", "tests\Traffk.Portal.Tests\Traffk.Portal.Tests.csproj", "{562D7A47-AC94-4F4A-B430-31D514064154}"
EndProject
Project("{9A19103F-16F7-4668-BE54-9A1E7A4F7556}") = "Traffk.CommunicationBlaster", "src\Traffk.CommunicationBlaster\Traffk.CommunicationBlaster.csproj", "{28322F08-EB95-415B-8ECF-4B25DAB12E16}"
EndProject
Project("{9A19103F-16F7-4668-BE54-9A1E7A4F7556}") = "Traffk.CommunicationBlaster.Tests", "tests\Traffk.CommunicationBlaster.Tests\Traffk.CommunicationBlaster.Tests.csproj", "{F3D583B4-ADEA-41A6-86EE-B6272B1BA38B}"
EndProject
Project("{FAE04EC0-301F-11D3-BF4B-00C04F79EFBC}") = "RevolutionaryStuff.SSIS", "src\RevolutionaryStuff.SSIS\RevolutionaryStuff.SSIS.csproj", "{0FD20B12-8248-40AA-89D2-E9109F0D6E88}"
EndProject
Global
	GlobalSection(SolutionConfigurationPlatforms) = preSolution
		Debug|Any CPU = Debug|Any CPU
		Release|Any CPU = Release|Any CPU
	EndGlobalSection
	GlobalSection(ProjectConfigurationPlatforms) = postSolution
		{F2DAFFF8-89E5-45B4-A7BE-1EAB1E843D72}.Debug|Any CPU.ActiveCfg = Debug|Any CPU
		{F2DAFFF8-89E5-45B4-A7BE-1EAB1E843D72}.Debug|Any CPU.Build.0 = Debug|Any CPU
		{F2DAFFF8-89E5-45B4-A7BE-1EAB1E843D72}.Release|Any CPU.ActiveCfg = Release|Any CPU
		{F2DAFFF8-89E5-45B4-A7BE-1EAB1E843D72}.Release|Any CPU.Build.0 = Release|Any CPU
		{4C4E1105-8251-42EA-8465-1324C19176D8}.Debug|Any CPU.ActiveCfg = Debug|Any CPU
		{4C4E1105-8251-42EA-8465-1324C19176D8}.Debug|Any CPU.Build.0 = Debug|Any CPU
		{4C4E1105-8251-42EA-8465-1324C19176D8}.Release|Any CPU.ActiveCfg = Release|Any CPU
		{4C4E1105-8251-42EA-8465-1324C19176D8}.Release|Any CPU.Build.0 = Release|Any CPU
		{B145F572-1704-4C22-B0A5-6C45D5E9E0B6}.Debug|Any CPU.ActiveCfg = Debug|Any CPU
		{B145F572-1704-4C22-B0A5-6C45D5E9E0B6}.Debug|Any CPU.Build.0 = Debug|Any CPU
		{B145F572-1704-4C22-B0A5-6C45D5E9E0B6}.Release|Any CPU.ActiveCfg = Release|Any CPU
		{B145F572-1704-4C22-B0A5-6C45D5E9E0B6}.Release|Any CPU.Build.0 = Release|Any CPU
		{7B1A04F2-8E13-4D8C-8701-ABEBF342D889}.Debug|Any CPU.ActiveCfg = Debug|Any CPU
		{7B1A04F2-8E13-4D8C-8701-ABEBF342D889}.Debug|Any CPU.Build.0 = Debug|Any CPU
		{7B1A04F2-8E13-4D8C-8701-ABEBF342D889}.Release|Any CPU.ActiveCfg = Release|Any CPU
		{7B1A04F2-8E13-4D8C-8701-ABEBF342D889}.Release|Any CPU.Build.0 = Release|Any CPU
		{9E17BC37-E081-4441-B924-E305753D843D}.Debug|Any CPU.ActiveCfg = Debug|Any CPU
		{9E17BC37-E081-4441-B924-E305753D843D}.Debug|Any CPU.Build.0 = Debug|Any CPU
		{9E17BC37-E081-4441-B924-E305753D843D}.Release|Any CPU.ActiveCfg = Release|Any CPU
		{9E17BC37-E081-4441-B924-E305753D843D}.Release|Any CPU.Build.0 = Release|Any CPU
		{7368E6A2-A35C-4A81-B8C4-8A403C3AE070}.Debug|Any CPU.ActiveCfg = Debug|Any CPU
		{7368E6A2-A35C-4A81-B8C4-8A403C3AE070}.Debug|Any CPU.Build.0 = Debug|Any CPU
		{7368E6A2-A35C-4A81-B8C4-8A403C3AE070}.Release|Any CPU.ActiveCfg = Release|Any CPU
		{7368E6A2-A35C-4A81-B8C4-8A403C3AE070}.Release|Any CPU.Build.0 = Release|Any CPU
		{05EB3B16-0A65-417F-B3A2-84F355400BFC}.Debug|Any CPU.ActiveCfg = Debug|Any CPU
		{05EB3B16-0A65-417F-B3A2-84F355400BFC}.Debug|Any CPU.Build.0 = Debug|Any CPU
		{05EB3B16-0A65-417F-B3A2-84F355400BFC}.Release|Any CPU.ActiveCfg = Release|Any CPU
		{05EB3B16-0A65-417F-B3A2-84F355400BFC}.Release|Any CPU.Build.0 = Release|Any CPU
		{562D7A47-AC94-4F4A-B430-31D514064154}.Debug|Any CPU.ActiveCfg = Debug|Any CPU
		{562D7A47-AC94-4F4A-B430-31D514064154}.Debug|Any CPU.Build.0 = Debug|Any CPU
		{562D7A47-AC94-4F4A-B430-31D514064154}.Release|Any CPU.ActiveCfg = Release|Any CPU
		{562D7A47-AC94-4F4A-B430-31D514064154}.Release|Any CPU.Build.0 = Release|Any CPU
		{28322F08-EB95-415B-8ECF-4B25DAB12E16}.Debug|Any CPU.ActiveCfg = Debug|Any CPU
		{28322F08-EB95-415B-8ECF-4B25DAB12E16}.Debug|Any CPU.Build.0 = Debug|Any CPU
		{28322F08-EB95-415B-8ECF-4B25DAB12E16}.Release|Any CPU.ActiveCfg = Release|Any CPU
		{28322F08-EB95-415B-8ECF-4B25DAB12E16}.Release|Any CPU.Build.0 = Release|Any CPU
		{F3D583B4-ADEA-41A6-86EE-B6272B1BA38B}.Debug|Any CPU.ActiveCfg = Debug|Any CPU
		{F3D583B4-ADEA-41A6-86EE-B6272B1BA38B}.Debug|Any CPU.Build.0 = Debug|Any CPU
		{F3D583B4-ADEA-41A6-86EE-B6272B1BA38B}.Release|Any CPU.ActiveCfg = Release|Any CPU
		{F3D583B4-ADEA-41A6-86EE-B6272B1BA38B}.Release|Any CPU.Build.0 = Release|Any CPU
		{0FD20B12-8248-40AA-89D2-E9109F0D6E88}.Debug|Any CPU.ActiveCfg = Debug|Any CPU
		{0FD20B12-8248-40AA-89D2-E9109F0D6E88}.Debug|Any CPU.Build.0 = Debug|Any CPU
		{0FD20B12-8248-40AA-89D2-E9109F0D6E88}.Release|Any CPU.ActiveCfg = Release|Any CPU
		{0FD20B12-8248-40AA-89D2-E9109F0D6E88}.Release|Any CPU.Build.0 = Release|Any CPU
	EndGlobalSection
	GlobalSection(SolutionProperties) = preSolution
		HideSolutionNode = FALSE
	EndGlobalSection
	GlobalSection(NestedProjects) = preSolution
		{F2DAFFF8-89E5-45B4-A7BE-1EAB1E843D72} = {6FAADEB9-B702-4FEE-8B56-58C2A80CEAAF}
		{4C4E1105-8251-42EA-8465-1324C19176D8} = {2D992A1D-203B-461A-B1C1-312F64C77810}
		{B145F572-1704-4C22-B0A5-6C45D5E9E0B6} = {2D992A1D-203B-461A-B1C1-312F64C77810}
		{7B1A04F2-8E13-4D8C-8701-ABEBF342D889} = {2D992A1D-203B-461A-B1C1-312F64C77810}
		{9E17BC37-E081-4441-B924-E305753D843D} = {D5AB1A3B-756E-4823-80F8-9A91ECB492AE}
		{7368E6A2-A35C-4A81-B8C4-8A403C3AE070} = {D5AB1A3B-756E-4823-80F8-9A91ECB492AE}
		{05EB3B16-0A65-417F-B3A2-84F355400BFC} = {6FD7D644-BE42-456F-9689-8B8BD0952A5D}
		{562D7A47-AC94-4F4A-B430-31D514064154} = {D5AB1A3B-756E-4823-80F8-9A91ECB492AE}
		{28322F08-EB95-415B-8ECF-4B25DAB12E16} = {2D992A1D-203B-461A-B1C1-312F64C77810}
		{F3D583B4-ADEA-41A6-86EE-B6272B1BA38B} = {D5AB1A3B-756E-4823-80F8-9A91ECB492AE}
		{0FD20B12-8248-40AA-89D2-E9109F0D6E88} = {6FAADEB9-B702-4FEE-8B56-58C2A80CEAAF}
	EndGlobalSection
EndGlobal
