
Microsoft Visual Studio Solution File, Format Version 12.00
# Visual Studio 15
VisualStudioVersion = 15.0.26430.16
MinimumVisualStudioVersion = 10.0.40219.1
Project("{9A19103F-16F7-4668-BE54-9A1E7A4F7556}") = "Traffk.Tableau", "src\Traffk.Tableau\Traffk.Tableau.csproj", "{4C4E1105-8251-42EA-8465-1324C19176D8}"
EndProject
Project("{9A19103F-16F7-4668-BE54-9A1E7A4F7556}") = "Traffk.Bal", "src\Traffk.Bal\Traffk.Bal.csproj", "{B145F572-1704-4C22-B0A5-6C45D5E9E0B6}"
EndProject
Project("{9A19103F-16F7-4668-BE54-9A1E7A4F7556}") = "Traffk.Portal", "src\Traffk.Portal\Traffk.Portal.csproj", "{7B1A04F2-8E13-4D8C-8701-ABEBF342D889}"
EndProject
Project("{2150E333-8FDC-42A3-9474-1A3956D46DE8}") = "Traffk", "Traffk", "{2D992A1D-203B-461A-B1C1-312F64C77810}"
EndProject
Project("{2150E333-8FDC-42A3-9474-1A3956D46DE8}") = "Traffk.Tests", "Traffk.Tests", "{D5AB1A3B-756E-4823-80F8-9A91ECB492AE}"
EndProject
Project("{9A19103F-16F7-4668-BE54-9A1E7A4F7556}") = "Traffk.Tableau.Tests", "tests\Traffk.Tableau.Tests\Traffk.Tableau.Tests.csproj", "{9E17BC37-E081-4441-B924-E305753D843D}"
EndProject
Project("{9A19103F-16F7-4668-BE54-9A1E7A4F7556}") = "Traffk.Bal.Tests", "tests\Traffk.Bal.Tests\Traffk.Bal.Tests.csproj", "{7368E6A2-A35C-4A81-B8C4-8A403C3AE070}"
EndProject
Project("{9A19103F-16F7-4668-BE54-9A1E7A4F7556}") = "Traffk.Portal.Tests", "tests\Traffk.Portal.Tests\Traffk.Portal.Tests.csproj", "{562D7A47-AC94-4F4A-B430-31D514064154}"
EndProject
Project("{9A19103F-16F7-4668-BE54-9A1E7A4F7556}") = "Traffk.BackgroundJobServer", "src\Traffk.BackgroundJobServer\Traffk.BackgroundJobServer.csproj", "{28322F08-EB95-415B-8ECF-4B25DAB12E16}"
EndProject
Project("{9A19103F-16F7-4668-BE54-9A1E7A4F7556}") = "Traffk.BackgroundJobServer.Tests", "tests\Traffk.BackgroundJobServer.Tests\Traffk.BackgroundJobServer.Tests.csproj", "{F3D583B4-ADEA-41A6-86EE-B6272B1BA38B}"
EndProject
Project("{9A19103F-16F7-4668-BE54-9A1E7A4F7556}") = "Traffk.Orchestra", "src\Traffk.Orchestra\Traffk.Orchestra.csproj", "{D6AA0380-1E21-4F60-8DD0-FEEF306F70B2}"
EndProject
Project("{9A19103F-16F7-4668-BE54-9A1E7A4F7556}") = "Traffk.Utility", "src\Traffk.Utility\Traffk.Utility.csproj", "{838C432D-2B28-4388-9FDB-5545381B2523}"
EndProject
Global
	GlobalSection(SolutionConfigurationPlatforms) = preSolution
		Debug|Any CPU = Debug|Any CPU
		Release|Any CPU = Release|Any CPU
		VSTS-CI|Any CPU = VSTS-CI|Any CPU
	EndGlobalSection
	GlobalSection(ProjectConfigurationPlatforms) = postSolution
		{4C4E1105-8251-42EA-8465-1324C19176D8}.Debug|Any CPU.ActiveCfg = Debug|Any CPU
		{4C4E1105-8251-42EA-8465-1324C19176D8}.Debug|Any CPU.Build.0 = Debug|Any CPU
		{4C4E1105-8251-42EA-8465-1324C19176D8}.Release|Any CPU.ActiveCfg = Release|Any CPU
		{4C4E1105-8251-42EA-8465-1324C19176D8}.Release|Any CPU.Build.0 = Release|Any CPU
		{4C4E1105-8251-42EA-8465-1324C19176D8}.VSTS-CI|Any CPU.ActiveCfg = VSTS-CI|Any CPU
		{4C4E1105-8251-42EA-8465-1324C19176D8}.VSTS-CI|Any CPU.Build.0 = VSTS-CI|Any CPU
		{B145F572-1704-4C22-B0A5-6C45D5E9E0B6}.Debug|Any CPU.ActiveCfg = Debug|Any CPU
		{B145F572-1704-4C22-B0A5-6C45D5E9E0B6}.Debug|Any CPU.Build.0 = Debug|Any CPU
		{B145F572-1704-4C22-B0A5-6C45D5E9E0B6}.Release|Any CPU.ActiveCfg = Release|Any CPU
		{B145F572-1704-4C22-B0A5-6C45D5E9E0B6}.Release|Any CPU.Build.0 = Release|Any CPU
		{B145F572-1704-4C22-B0A5-6C45D5E9E0B6}.VSTS-CI|Any CPU.ActiveCfg = VSTS-CI|Any CPU
		{B145F572-1704-4C22-B0A5-6C45D5E9E0B6}.VSTS-CI|Any CPU.Build.0 = VSTS-CI|Any CPU
		{7B1A04F2-8E13-4D8C-8701-ABEBF342D889}.Debug|Any CPU.ActiveCfg = Debug|Any CPU
		{7B1A04F2-8E13-4D8C-8701-ABEBF342D889}.Debug|Any CPU.Build.0 = Debug|Any CPU
		{7B1A04F2-8E13-4D8C-8701-ABEBF342D889}.Release|Any CPU.ActiveCfg = Release|Any CPU
		{7B1A04F2-8E13-4D8C-8701-ABEBF342D889}.Release|Any CPU.Build.0 = Release|Any CPU
		{7B1A04F2-8E13-4D8C-8701-ABEBF342D889}.VSTS-CI|Any CPU.ActiveCfg = VSTS-CI|Any CPU
		{7B1A04F2-8E13-4D8C-8701-ABEBF342D889}.VSTS-CI|Any CPU.Build.0 = VSTS-CI|Any CPU
		{9E17BC37-E081-4441-B924-E305753D843D}.Debug|Any CPU.ActiveCfg = Debug|Any CPU
		{9E17BC37-E081-4441-B924-E305753D843D}.Debug|Any CPU.Build.0 = Debug|Any CPU
		{9E17BC37-E081-4441-B924-E305753D843D}.Release|Any CPU.ActiveCfg = Release|Any CPU
		{9E17BC37-E081-4441-B924-E305753D843D}.Release|Any CPU.Build.0 = Release|Any CPU
		{9E17BC37-E081-4441-B924-E305753D843D}.VSTS-CI|Any CPU.ActiveCfg = VSTS-CI|Any CPU
		{9E17BC37-E081-4441-B924-E305753D843D}.VSTS-CI|Any CPU.Build.0 = VSTS-CI|Any CPU
		{7368E6A2-A35C-4A81-B8C4-8A403C3AE070}.Debug|Any CPU.ActiveCfg = Debug|Any CPU
		{7368E6A2-A35C-4A81-B8C4-8A403C3AE070}.Debug|Any CPU.Build.0 = Debug|Any CPU
		{7368E6A2-A35C-4A81-B8C4-8A403C3AE070}.Release|Any CPU.ActiveCfg = Release|Any CPU
		{7368E6A2-A35C-4A81-B8C4-8A403C3AE070}.Release|Any CPU.Build.0 = Release|Any CPU
		{7368E6A2-A35C-4A81-B8C4-8A403C3AE070}.VSTS-CI|Any CPU.ActiveCfg = VSTS-CI|Any CPU
		{7368E6A2-A35C-4A81-B8C4-8A403C3AE070}.VSTS-CI|Any CPU.Build.0 = VSTS-CI|Any CPU
		{562D7A47-AC94-4F4A-B430-31D514064154}.Debug|Any CPU.ActiveCfg = Debug|Any CPU
		{562D7A47-AC94-4F4A-B430-31D514064154}.Debug|Any CPU.Build.0 = Debug|Any CPU
		{562D7A47-AC94-4F4A-B430-31D514064154}.Release|Any CPU.ActiveCfg = Release|Any CPU
		{562D7A47-AC94-4F4A-B430-31D514064154}.Release|Any CPU.Build.0 = Release|Any CPU
		{562D7A47-AC94-4F4A-B430-31D514064154}.VSTS-CI|Any CPU.ActiveCfg = VSTS-CI|Any CPU
		{562D7A47-AC94-4F4A-B430-31D514064154}.VSTS-CI|Any CPU.Build.0 = VSTS-CI|Any CPU
		{28322F08-EB95-415B-8ECF-4B25DAB12E16}.Debug|Any CPU.ActiveCfg = Debug|Any CPU
		{28322F08-EB95-415B-8ECF-4B25DAB12E16}.Debug|Any CPU.Build.0 = Debug|Any CPU
		{28322F08-EB95-415B-8ECF-4B25DAB12E16}.Release|Any CPU.ActiveCfg = Release|Any CPU
		{28322F08-EB95-415B-8ECF-4B25DAB12E16}.Release|Any CPU.Build.0 = Release|Any CPU
		{28322F08-EB95-415B-8ECF-4B25DAB12E16}.VSTS-CI|Any CPU.ActiveCfg = VSTS-CI|Any CPU
		{28322F08-EB95-415B-8ECF-4B25DAB12E16}.VSTS-CI|Any CPU.Build.0 = VSTS-CI|Any CPU
		{F3D583B4-ADEA-41A6-86EE-B6272B1BA38B}.Debug|Any CPU.ActiveCfg = Debug|Any CPU
		{F3D583B4-ADEA-41A6-86EE-B6272B1BA38B}.Debug|Any CPU.Build.0 = Debug|Any CPU
		{F3D583B4-ADEA-41A6-86EE-B6272B1BA38B}.Release|Any CPU.ActiveCfg = Release|Any CPU
		{F3D583B4-ADEA-41A6-86EE-B6272B1BA38B}.Release|Any CPU.Build.0 = Release|Any CPU
		{F3D583B4-ADEA-41A6-86EE-B6272B1BA38B}.VSTS-CI|Any CPU.ActiveCfg = VSTS-CI|Any CPU
		{F3D583B4-ADEA-41A6-86EE-B6272B1BA38B}.VSTS-CI|Any CPU.Build.0 = VSTS-CI|Any CPU
		{D6AA0380-1E21-4F60-8DD0-FEEF306F70B2}.Debug|Any CPU.ActiveCfg = Debug|Any CPU
		{D6AA0380-1E21-4F60-8DD0-FEEF306F70B2}.Debug|Any CPU.Build.0 = Debug|Any CPU
		{D6AA0380-1E21-4F60-8DD0-FEEF306F70B2}.Release|Any CPU.ActiveCfg = Release|Any CPU
		{D6AA0380-1E21-4F60-8DD0-FEEF306F70B2}.Release|Any CPU.Build.0 = Release|Any CPU
		{D6AA0380-1E21-4F60-8DD0-FEEF306F70B2}.VSTS-CI|Any CPU.ActiveCfg = VSTS-CI|Any CPU
		{D6AA0380-1E21-4F60-8DD0-FEEF306F70B2}.VSTS-CI|Any CPU.Build.0 = VSTS-CI|Any CPU
		{838C432D-2B28-4388-9FDB-5545381B2523}.Debug|Any CPU.ActiveCfg = Debug|Any CPU
		{838C432D-2B28-4388-9FDB-5545381B2523}.Debug|Any CPU.Build.0 = Debug|Any CPU
		{838C432D-2B28-4388-9FDB-5545381B2523}.Release|Any CPU.ActiveCfg = Release|Any CPU
		{838C432D-2B28-4388-9FDB-5545381B2523}.Release|Any CPU.Build.0 = Release|Any CPU
		{838C432D-2B28-4388-9FDB-5545381B2523}.VSTS-CI|Any CPU.ActiveCfg = Debug|Any CPU
		{838C432D-2B28-4388-9FDB-5545381B2523}.VSTS-CI|Any CPU.Build.0 = Debug|Any CPU
	EndGlobalSection
	GlobalSection(SolutionProperties) = preSolution
		HideSolutionNode = FALSE
	EndGlobalSection
	GlobalSection(NestedProjects) = preSolution
		{4C4E1105-8251-42EA-8465-1324C19176D8} = {2D992A1D-203B-461A-B1C1-312F64C77810}
		{B145F572-1704-4C22-B0A5-6C45D5E9E0B6} = {2D992A1D-203B-461A-B1C1-312F64C77810}
		{7B1A04F2-8E13-4D8C-8701-ABEBF342D889} = {2D992A1D-203B-461A-B1C1-312F64C77810}
		{9E17BC37-E081-4441-B924-E305753D843D} = {D5AB1A3B-756E-4823-80F8-9A91ECB492AE}
		{7368E6A2-A35C-4A81-B8C4-8A403C3AE070} = {D5AB1A3B-756E-4823-80F8-9A91ECB492AE}
		{562D7A47-AC94-4F4A-B430-31D514064154} = {D5AB1A3B-756E-4823-80F8-9A91ECB492AE}
		{28322F08-EB95-415B-8ECF-4B25DAB12E16} = {2D992A1D-203B-461A-B1C1-312F64C77810}
		{F3D583B4-ADEA-41A6-86EE-B6272B1BA38B} = {D5AB1A3B-756E-4823-80F8-9A91ECB492AE}
		{D6AA0380-1E21-4F60-8DD0-FEEF306F70B2} = {2D992A1D-203B-461A-B1C1-312F64C77810}
		{838C432D-2B28-4388-9FDB-5545381B2523} = {2D992A1D-203B-461A-B1C1-312F64C77810}
	EndGlobalSection
EndGlobal
